
Microsoft Visual Studio Solution File, Format Version 12.00
# Visual Studio 2012
Project("{FAE04EC0-301F-11D3-BF4B-00C04F79EFBC}") = "emDomo", "emDomo.csproj", "{026DF1DA-3820-4981-8857-BA9248656EF7}"
EndProject
Global
	GlobalSection(SolutionConfigurationPlatforms) = preSolution
		Debug|Any CPU = Debug|Any CPU
		Release|Any CPU = Release|Any CPU
	EndGlobalSection
	GlobalSection(ProjectConfigurationPlatforms) = postSolution
		{026DF1DA-3820-4981-8857-BA9248656EF7}.Debug|Any CPU.ActiveCfg = Debug|Any CPU
		{026DF1DA-3820-4981-8857-BA9248656EF7}.Debug|Any CPU.Build.0 = Debug|Any CPU
		{026DF1DA-3820-4981-8857-BA9248656EF7}.Release|Any CPU.ActiveCfg = Release|Any CPU
		{026DF1DA-3820-4981-8857-BA9248656EF7}.Release|Any CPU.Build.0 = Release|Any CPU
	EndGlobalSection
	GlobalSection(SolutionProperties) = preSolution
		HideSolutionNode = FALSE
	EndGlobalSection
EndGlobal
